// !$*UTF8*$!
{
	archiveVersion = 1;
	classes = {
	};
	objectVersion = 46;
	objects = {

/* Begin PBXBuildFile section */
		OBJ_110 /* BinUtils.swift in Sources */ = {isa = PBXBuildFile; fileRef = OBJ_70 /* BinUtils.swift */; };
		OBJ_117 /* Package.swift in Sources */ = {isa = PBXBuildFile; fileRef = OBJ_69 /* Package.swift */; };
		OBJ_123 /* Dependencies.swift in Sources */ = {isa = PBXBuildFile; fileRef = OBJ_9 /* Dependencies.swift */; };
		OBJ_125 /* SwiftSVG.framework in Frameworks */ = {isa = PBXBuildFile; fileRef = SwiftSVG::SwiftSVG::Product /* SwiftSVG.framework */; };
		OBJ_126 /* BinUtils.framework in Frameworks */ = {isa = PBXBuildFile; fileRef = BinUtils::BinUtils::Product /* BinUtils.framework */; };
		OBJ_127 /* ReactiveSwift.framework in Frameworks */ = {isa = PBXBuildFile; fileRef = ReactiveSwift::ReactiveSwift::Product /* ReactiveSwift.framework */; };
		OBJ_128 /* Result.framework in Frameworks */ = {isa = PBXBuildFile; fileRef = Result::Result::Product /* Result.framework */; };
		OBJ_141 /* Package.swift in Sources */ = {isa = PBXBuildFile; fileRef = OBJ_6 /* Package.swift */; };
		OBJ_146 /* Action.swift in Sources */ = {isa = PBXBuildFile; fileRef = OBJ_73 /* Action.swift */; };
		OBJ_147 /* Atomic.swift in Sources */ = {isa = PBXBuildFile; fileRef = OBJ_74 /* Atomic.swift */; };
		OBJ_148 /* Bag.swift in Sources */ = {isa = PBXBuildFile; fileRef = OBJ_75 /* Bag.swift */; };
		OBJ_149 /* Deprecations+Removals.swift in Sources */ = {isa = PBXBuildFile; fileRef = OBJ_76 /* Deprecations+Removals.swift */; };
		OBJ_150 /* Disposable.swift in Sources */ = {isa = PBXBuildFile; fileRef = OBJ_77 /* Disposable.swift */; };
		OBJ_151 /* Event.swift in Sources */ = {isa = PBXBuildFile; fileRef = OBJ_78 /* Event.swift */; };
		OBJ_152 /* EventLogger.swift in Sources */ = {isa = PBXBuildFile; fileRef = OBJ_79 /* EventLogger.swift */; };
		OBJ_153 /* Flatten.swift in Sources */ = {isa = PBXBuildFile; fileRef = OBJ_80 /* Flatten.swift */; };
		OBJ_154 /* FoundationExtensions.swift in Sources */ = {isa = PBXBuildFile; fileRef = OBJ_81 /* FoundationExtensions.swift */; };
		OBJ_155 /* Lifetime.swift in Sources */ = {isa = PBXBuildFile; fileRef = OBJ_82 /* Lifetime.swift */; };
		OBJ_156 /* Observer.swift in Sources */ = {isa = PBXBuildFile; fileRef = OBJ_83 /* Observer.swift */; };
		OBJ_157 /* Optional.swift in Sources */ = {isa = PBXBuildFile; fileRef = OBJ_84 /* Optional.swift */; };
		OBJ_158 /* Property.swift in Sources */ = {isa = PBXBuildFile; fileRef = OBJ_85 /* Property.swift */; };
		OBJ_159 /* Reactive.swift in Sources */ = {isa = PBXBuildFile; fileRef = OBJ_86 /* Reactive.swift */; };
		OBJ_160 /* ResultExtensions.swift in Sources */ = {isa = PBXBuildFile; fileRef = OBJ_87 /* ResultExtensions.swift */; };
		OBJ_161 /* Scheduler.swift in Sources */ = {isa = PBXBuildFile; fileRef = OBJ_88 /* Scheduler.swift */; };
		OBJ_162 /* Signal.swift in Sources */ = {isa = PBXBuildFile; fileRef = OBJ_89 /* Signal.swift */; };
		OBJ_163 /* SignalProducer.swift in Sources */ = {isa = PBXBuildFile; fileRef = OBJ_90 /* SignalProducer.swift */; };
		OBJ_164 /* UnidirectionalBinding.swift in Sources */ = {isa = PBXBuildFile; fileRef = OBJ_91 /* UnidirectionalBinding.swift */; };
		OBJ_165 /* UninhabitedTypeGuards.swift in Sources */ = {isa = PBXBuildFile; fileRef = OBJ_92 /* UninhabitedTypeGuards.swift */; };
		OBJ_166 /* ValidatingProperty.swift in Sources */ = {isa = PBXBuildFile; fileRef = OBJ_93 /* ValidatingProperty.swift */; };
		OBJ_168 /* Result.framework in Frameworks */ = {isa = PBXBuildFile; fileRef = Result::Result::Product /* Result.framework */; };
		OBJ_175 /* Package.swift in Sources */ = {isa = PBXBuildFile; fileRef = OBJ_72 /* Package.swift */; };
		OBJ_180 /* Result.swift in Sources */ = {isa = PBXBuildFile; fileRef = OBJ_96 /* Result.swift */; };
		OBJ_181 /* ResultProtocol.swift in Sources */ = {isa = PBXBuildFile; fileRef = OBJ_97 /* ResultProtocol.swift */; };
		OBJ_188 /* Package.swift in Sources */ = {isa = PBXBuildFile; fileRef = OBJ_98 /* Package.swift */; };
		OBJ_193 /* CrossPlatform.swift in Sources */ = {isa = PBXBuildFile; fileRef = OBJ_14 /* CrossPlatform.swift */; };
		OBJ_194 /* NSBezierPath+CrossPlatform.swift in Sources */ = {isa = PBXBuildFile; fileRef = OBJ_15 /* NSBezierPath+CrossPlatform.swift */; };
		OBJ_195 /* CALayer+SVG.swift in Sources */ = {isa = PBXBuildFile; fileRef = OBJ_17 /* CALayer+SVG.swift */; };
		OBJ_196 /* CAShapeLayer+SVG.swift in Sources */ = {isa = PBXBuildFile; fileRef = OBJ_18 /* CAShapeLayer+SVG.swift */; };
		OBJ_197 /* SVGLayer.swift in Sources */ = {isa = PBXBuildFile; fileRef = OBJ_19 /* SVGLayer.swift */; };
		OBJ_198 /* SVGView.swift in Sources */ = {isa = PBXBuildFile; fileRef = OBJ_20 /* SVGView.swift */; };
		OBJ_199 /* UIBezierPath+SVG.swift in Sources */ = {isa = PBXBuildFile; fileRef = OBJ_21 /* UIBezierPath+SVG.swift */; };
		OBJ_200 /* UIView+SVG.swift in Sources */ = {isa = PBXBuildFile; fileRef = OBJ_22 /* UIView+SVG.swift */; };
		OBJ_201 /* DelaysApplyingAttributes.swift in Sources */ = {isa = PBXBuildFile; fileRef = OBJ_25 /* DelaysApplyingAttributes.swift */; };
		OBJ_202 /* Fillable.swift in Sources */ = {isa = PBXBuildFile; fileRef = OBJ_26 /* Fillable.swift */; };
		OBJ_203 /* Identifiable.swift in Sources */ = {isa = PBXBuildFile; fileRef = OBJ_27 /* Identifiable.swift */; };
		OBJ_204 /* Strokable.swift in Sources */ = {isa = PBXBuildFile; fileRef = OBJ_28 /* Strokable.swift */; };
		OBJ_205 /* Stylable.swift in Sources */ = {isa = PBXBuildFile; fileRef = OBJ_29 /* Stylable.swift */; };
		OBJ_206 /* Transformable.swift in Sources */ = {isa = PBXBuildFile; fileRef = OBJ_30 /* Transformable.swift */; };
		OBJ_207 /* SVGCache.swift in Sources */ = {isa = PBXBuildFile; fileRef = OBJ_32 /* SVGCache.swift */; };
		OBJ_208 /* ParsesAsynchronously.swift in Sources */ = {isa = PBXBuildFile; fileRef = OBJ_34 /* ParsesAsynchronously.swift */; };
		OBJ_209 /* SVGCircle.swift in Sources */ = {isa = PBXBuildFile; fileRef = OBJ_35 /* SVGCircle.swift */; };
		OBJ_210 /* SVGContainerElement.swift in Sources */ = {isa = PBXBuildFile; fileRef = OBJ_36 /* SVGContainerElement.swift */; };
		OBJ_211 /* SVGElement.swift in Sources */ = {isa = PBXBuildFile; fileRef = OBJ_37 /* SVGElement.swift */; };
		OBJ_212 /* SVGEllipse.swift in Sources */ = {isa = PBXBuildFile; fileRef = OBJ_38 /* SVGEllipse.swift */; };
		OBJ_213 /* SVGGroup.swift in Sources */ = {isa = PBXBuildFile; fileRef = OBJ_39 /* SVGGroup.swift */; };
		OBJ_214 /* SVGLine.swift in Sources */ = {isa = PBXBuildFile; fileRef = OBJ_40 /* SVGLine.swift */; };
		OBJ_215 /* SVGPath.swift in Sources */ = {isa = PBXBuildFile; fileRef = OBJ_41 /* SVGPath.swift */; };
		OBJ_216 /* SVGPolygon.swift in Sources */ = {isa = PBXBuildFile; fileRef = OBJ_42 /* SVGPolygon.swift */; };
		OBJ_217 /* SVGPolyline.swift in Sources */ = {isa = PBXBuildFile; fileRef = OBJ_43 /* SVGPolyline.swift */; };
		OBJ_218 /* SVGRectangle.swift in Sources */ = {isa = PBXBuildFile; fileRef = OBJ_44 /* SVGRectangle.swift */; };
		OBJ_219 /* SVGRootElement.swift in Sources */ = {isa = PBXBuildFile; fileRef = OBJ_45 /* SVGRootElement.swift */; };
		OBJ_220 /* SVGShapeElement.swift in Sources */ = {isa = PBXBuildFile; fileRef = OBJ_46 /* SVGShapeElement.swift */; };
		OBJ_221 /* BinaryFloatingPoint+ParseLengthString.swift in Sources */ = {isa = PBXBuildFile; fileRef = OBJ_48 /* BinaryFloatingPoint+ParseLengthString.swift */; };
		OBJ_222 /* CALayer+Sublayers.swift in Sources */ = {isa = PBXBuildFile; fileRef = OBJ_49 /* CALayer+Sublayers.swift */; };
		OBJ_223 /* Data+CacheKey.swift in Sources */ = {isa = PBXBuildFile; fileRef = OBJ_50 /* Data+CacheKey.swift */; };
		OBJ_224 /* Dictionary+Add.swift in Sources */ = {isa = PBXBuildFile; fileRef = OBJ_51 /* Dictionary+Add.swift */; };
		OBJ_225 /* DispatchQueue+Extensions.swift in Sources */ = {isa = PBXBuildFile; fileRef = OBJ_52 /* DispatchQueue+Extensions.swift */; };
		OBJ_226 /* FloatingPoint+DegreesRadians.swift in Sources */ = {isa = PBXBuildFile; fileRef = OBJ_53 /* FloatingPoint+DegreesRadians.swift */; };
		OBJ_227 /* Scalar+FromByteArray.swift in Sources */ = {isa = PBXBuildFile; fileRef = OBJ_54 /* Scalar+FromByteArray.swift */; };
		OBJ_228 /* Stack.swift in Sources */ = {isa = PBXBuildFile; fileRef = OBJ_55 /* Stack.swift */; };
		OBJ_229 /* String+Subscript.swift in Sources */ = {isa = PBXBuildFile; fileRef = OBJ_56 /* String+Subscript.swift */; };
		OBJ_230 /* String+Trim.swift in Sources */ = {isa = PBXBuildFile; fileRef = OBJ_57 /* String+Trim.swift */; };
		OBJ_231 /* UIColor+Extensions.swift in Sources */ = {isa = PBXBuildFile; fileRef = OBJ_58 /* UIColor+Extensions.swift */; };
		OBJ_232 /* Unown.swift in Sources */ = {isa = PBXBuildFile; fileRef = OBJ_59 /* Unown.swift */; };
		OBJ_233 /* CoordinateLexer.swift in Sources */ = {isa = PBXBuildFile; fileRef = OBJ_61 /* CoordinateLexer.swift */; };
		OBJ_234 /* PathCommand.swift in Sources */ = {isa = PBXBuildFile; fileRef = OBJ_62 /* PathCommand.swift */; };
		OBJ_235 /* PathDLexer.swift in Sources */ = {isa = PBXBuildFile; fileRef = OBJ_63 /* PathDLexer.swift */; };
		OBJ_236 /* NSXMLSVGParser.swift in Sources */ = {isa = PBXBuildFile; fileRef = OBJ_65 /* NSXMLSVGParser.swift */; };
		OBJ_237 /* SVGParser.swift in Sources */ = {isa = PBXBuildFile; fileRef = OBJ_66 /* SVGParser.swift */; };
		OBJ_238 /* SVGParserSupportedElements.swift in Sources */ = {isa = PBXBuildFile; fileRef = OBJ_67 /* SVGParserSupportedElements.swift */; };
		OBJ_245 /* Package.swift in Sources */ = {isa = PBXBuildFile; fileRef = OBJ_13 /* Package.swift */; };
/* End PBXBuildFile section */

/* Begin PBXFileReference section */
		BinUtils::BinUtils::Product /* BinUtils.framework */ = {isa = PBXFileReference; path = BinUtils.framework; sourceTree = BUILT_PRODUCTS_DIR; };
		Dependencies::Dependencies::Product /* Dependencies.framework */ = {isa = PBXFileReference; path = Dependencies.framework; sourceTree = BUILT_PRODUCTS_DIR; };
		OBJ_13 /* Package.swift */ = {isa = PBXFileReference; explicitFileType = sourcecode.swift; name = Package.swift; path = "/Users/deets/Dropbox/projects/deets-fpv-vtx-scanner/VTX Scanner/Dependencies/.build/checkouts/SwiftSVG.git-8324872119709852198/Package.swift"; sourceTree = "<group>"; };
		OBJ_14 /* CrossPlatform.swift */ = {isa = PBXFileReference; path = CrossPlatform.swift; sourceTree = "<group>"; };
		OBJ_15 /* NSBezierPath+CrossPlatform.swift */ = {isa = PBXFileReference; path = "NSBezierPath+CrossPlatform.swift"; sourceTree = "<group>"; };
		OBJ_17 /* CALayer+SVG.swift */ = {isa = PBXFileReference; path = "CALayer+SVG.swift"; sourceTree = "<group>"; };
		OBJ_18 /* CAShapeLayer+SVG.swift */ = {isa = PBXFileReference; path = "CAShapeLayer+SVG.swift"; sourceTree = "<group>"; };
		OBJ_19 /* SVGLayer.swift */ = {isa = PBXFileReference; path = SVGLayer.swift; sourceTree = "<group>"; };
		OBJ_20 /* SVGView.swift */ = {isa = PBXFileReference; path = SVGView.swift; sourceTree = "<group>"; };
		OBJ_21 /* UIBezierPath+SVG.swift */ = {isa = PBXFileReference; path = "UIBezierPath+SVG.swift"; sourceTree = "<group>"; };
		OBJ_22 /* UIView+SVG.swift */ = {isa = PBXFileReference; path = "UIView+SVG.swift"; sourceTree = "<group>"; };
		OBJ_25 /* DelaysApplyingAttributes.swift */ = {isa = PBXFileReference; path = DelaysApplyingAttributes.swift; sourceTree = "<group>"; };
		OBJ_26 /* Fillable.swift */ = {isa = PBXFileReference; path = Fillable.swift; sourceTree = "<group>"; };
		OBJ_27 /* Identifiable.swift */ = {isa = PBXFileReference; path = Identifiable.swift; sourceTree = "<group>"; };
		OBJ_28 /* Strokable.swift */ = {isa = PBXFileReference; path = Strokable.swift; sourceTree = "<group>"; };
		OBJ_29 /* Stylable.swift */ = {isa = PBXFileReference; path = Stylable.swift; sourceTree = "<group>"; };
		OBJ_30 /* Transformable.swift */ = {isa = PBXFileReference; path = Transformable.swift; sourceTree = "<group>"; };
		OBJ_32 /* SVGCache.swift */ = {isa = PBXFileReference; path = SVGCache.swift; sourceTree = "<group>"; };
		OBJ_34 /* ParsesAsynchronously.swift */ = {isa = PBXFileReference; path = ParsesAsynchronously.swift; sourceTree = "<group>"; };
		OBJ_35 /* SVGCircle.swift */ = {isa = PBXFileReference; path = SVGCircle.swift; sourceTree = "<group>"; };
		OBJ_36 /* SVGContainerElement.swift */ = {isa = PBXFileReference; path = SVGContainerElement.swift; sourceTree = "<group>"; };
		OBJ_37 /* SVGElement.swift */ = {isa = PBXFileReference; path = SVGElement.swift; sourceTree = "<group>"; };
		OBJ_38 /* SVGEllipse.swift */ = {isa = PBXFileReference; path = SVGEllipse.swift; sourceTree = "<group>"; };
		OBJ_39 /* SVGGroup.swift */ = {isa = PBXFileReference; path = SVGGroup.swift; sourceTree = "<group>"; };
		OBJ_40 /* SVGLine.swift */ = {isa = PBXFileReference; path = SVGLine.swift; sourceTree = "<group>"; };
		OBJ_41 /* SVGPath.swift */ = {isa = PBXFileReference; path = SVGPath.swift; sourceTree = "<group>"; };
		OBJ_42 /* SVGPolygon.swift */ = {isa = PBXFileReference; path = SVGPolygon.swift; sourceTree = "<group>"; };
		OBJ_43 /* SVGPolyline.swift */ = {isa = PBXFileReference; path = SVGPolyline.swift; sourceTree = "<group>"; };
		OBJ_44 /* SVGRectangle.swift */ = {isa = PBXFileReference; path = SVGRectangle.swift; sourceTree = "<group>"; };
		OBJ_45 /* SVGRootElement.swift */ = {isa = PBXFileReference; path = SVGRootElement.swift; sourceTree = "<group>"; };
		OBJ_46 /* SVGShapeElement.swift */ = {isa = PBXFileReference; path = SVGShapeElement.swift; sourceTree = "<group>"; };
		OBJ_48 /* BinaryFloatingPoint+ParseLengthString.swift */ = {isa = PBXFileReference; path = "BinaryFloatingPoint+ParseLengthString.swift"; sourceTree = "<group>"; };
		OBJ_49 /* CALayer+Sublayers.swift */ = {isa = PBXFileReference; path = "CALayer+Sublayers.swift"; sourceTree = "<group>"; };
		OBJ_50 /* Data+CacheKey.swift */ = {isa = PBXFileReference; path = "Data+CacheKey.swift"; sourceTree = "<group>"; };
		OBJ_51 /* Dictionary+Add.swift */ = {isa = PBXFileReference; path = "Dictionary+Add.swift"; sourceTree = "<group>"; };
		OBJ_52 /* DispatchQueue+Extensions.swift */ = {isa = PBXFileReference; path = "DispatchQueue+Extensions.swift"; sourceTree = "<group>"; };
		OBJ_53 /* FloatingPoint+DegreesRadians.swift */ = {isa = PBXFileReference; path = "FloatingPoint+DegreesRadians.swift"; sourceTree = "<group>"; };
		OBJ_54 /* Scalar+FromByteArray.swift */ = {isa = PBXFileReference; path = "Scalar+FromByteArray.swift"; sourceTree = "<group>"; };
		OBJ_55 /* Stack.swift */ = {isa = PBXFileReference; path = Stack.swift; sourceTree = "<group>"; };
		OBJ_56 /* String+Subscript.swift */ = {isa = PBXFileReference; path = "String+Subscript.swift"; sourceTree = "<group>"; };
		OBJ_57 /* String+Trim.swift */ = {isa = PBXFileReference; path = "String+Trim.swift"; sourceTree = "<group>"; };
		OBJ_58 /* UIColor+Extensions.swift */ = {isa = PBXFileReference; path = "UIColor+Extensions.swift"; sourceTree = "<group>"; };
		OBJ_59 /* Unown.swift */ = {isa = PBXFileReference; path = Unown.swift; sourceTree = "<group>"; };
		OBJ_6 /* Package.swift */ = {isa = PBXFileReference; explicitFileType = sourcecode.swift; path = Package.swift; sourceTree = "<group>"; };
		OBJ_61 /* CoordinateLexer.swift */ = {isa = PBXFileReference; path = CoordinateLexer.swift; sourceTree = "<group>"; };
		OBJ_62 /* PathCommand.swift */ = {isa = PBXFileReference; path = PathCommand.swift; sourceTree = "<group>"; };
		OBJ_63 /* PathDLexer.swift */ = {isa = PBXFileReference; path = PathDLexer.swift; sourceTree = "<group>"; };
		OBJ_65 /* NSXMLSVGParser.swift */ = {isa = PBXFileReference; path = NSXMLSVGParser.swift; sourceTree = "<group>"; };
		OBJ_66 /* SVGParser.swift */ = {isa = PBXFileReference; path = SVGParser.swift; sourceTree = "<group>"; };
		OBJ_67 /* SVGParserSupportedElements.swift */ = {isa = PBXFileReference; path = SVGParserSupportedElements.swift; sourceTree = "<group>"; };
		OBJ_69 /* Package.swift */ = {isa = PBXFileReference; explicitFileType = sourcecode.swift; name = Package.swift; path = "/Users/deets/Dropbox/projects/deets-fpv-vtx-scanner/VTX Scanner/Dependencies/.build/checkouts/BinUtils.git-8418688057728546342/Package.swift"; sourceTree = "<group>"; };
		OBJ_70 /* BinUtils.swift */ = {isa = PBXFileReference; path = BinUtils.swift; sourceTree = "<group>"; };
		OBJ_72 /* Package.swift */ = {isa = PBXFileReference; explicitFileType = sourcecode.swift; name = Package.swift; path = "/Users/deets/Dropbox/projects/deets-fpv-vtx-scanner/VTX Scanner/Dependencies/.build/checkouts/ReactiveSwift.git-1920651162790292424/Package.swift"; sourceTree = "<group>"; };
		OBJ_73 /* Action.swift */ = {isa = PBXFileReference; path = Action.swift; sourceTree = "<group>"; };
		OBJ_74 /* Atomic.swift */ = {isa = PBXFileReference; path = Atomic.swift; sourceTree = "<group>"; };
		OBJ_75 /* Bag.swift */ = {isa = PBXFileReference; path = Bag.swift; sourceTree = "<group>"; };
		OBJ_76 /* Deprecations+Removals.swift */ = {isa = PBXFileReference; path = "Deprecations+Removals.swift"; sourceTree = "<group>"; };
		OBJ_77 /* Disposable.swift */ = {isa = PBXFileReference; path = Disposable.swift; sourceTree = "<group>"; };
		OBJ_78 /* Event.swift */ = {isa = PBXFileReference; path = Event.swift; sourceTree = "<group>"; };
		OBJ_79 /* EventLogger.swift */ = {isa = PBXFileReference; path = EventLogger.swift; sourceTree = "<group>"; };
		OBJ_80 /* Flatten.swift */ = {isa = PBXFileReference; path = Flatten.swift; sourceTree = "<group>"; };
		OBJ_81 /* FoundationExtensions.swift */ = {isa = PBXFileReference; path = FoundationExtensions.swift; sourceTree = "<group>"; };
		OBJ_82 /* Lifetime.swift */ = {isa = PBXFileReference; path = Lifetime.swift; sourceTree = "<group>"; };
		OBJ_83 /* Observer.swift */ = {isa = PBXFileReference; path = Observer.swift; sourceTree = "<group>"; };
		OBJ_84 /* Optional.swift */ = {isa = PBXFileReference; path = Optional.swift; sourceTree = "<group>"; };
		OBJ_85 /* Property.swift */ = {isa = PBXFileReference; path = Property.swift; sourceTree = "<group>"; };
		OBJ_86 /* Reactive.swift */ = {isa = PBXFileReference; path = Reactive.swift; sourceTree = "<group>"; };
		OBJ_87 /* ResultExtensions.swift */ = {isa = PBXFileReference; path = ResultExtensions.swift; sourceTree = "<group>"; };
		OBJ_88 /* Scheduler.swift */ = {isa = PBXFileReference; path = Scheduler.swift; sourceTree = "<group>"; };
		OBJ_89 /* Signal.swift */ = {isa = PBXFileReference; path = Signal.swift; sourceTree = "<group>"; };
		OBJ_9 /* Dependencies.swift */ = {isa = PBXFileReference; path = Dependencies.swift; sourceTree = "<group>"; };
		OBJ_90 /* SignalProducer.swift */ = {isa = PBXFileReference; path = SignalProducer.swift; sourceTree = "<group>"; };
		OBJ_91 /* UnidirectionalBinding.swift */ = {isa = PBXFileReference; path = UnidirectionalBinding.swift; sourceTree = "<group>"; };
		OBJ_92 /* UninhabitedTypeGuards.swift */ = {isa = PBXFileReference; path = UninhabitedTypeGuards.swift; sourceTree = "<group>"; };
		OBJ_93 /* ValidatingProperty.swift */ = {isa = PBXFileReference; path = ValidatingProperty.swift; sourceTree = "<group>"; };
		OBJ_96 /* Result.swift */ = {isa = PBXFileReference; path = Result.swift; sourceTree = "<group>"; };
		OBJ_97 /* ResultProtocol.swift */ = {isa = PBXFileReference; path = ResultProtocol.swift; sourceTree = "<group>"; };
		OBJ_98 /* Package.swift */ = {isa = PBXFileReference; explicitFileType = sourcecode.swift; name = Package.swift; path = "/Users/deets/Dropbox/projects/deets-fpv-vtx-scanner/VTX Scanner/Dependencies/.build/checkouts/Result.git-3571792516012775304/Package.swift"; sourceTree = "<group>"; };
		ReactiveSwift::ReactiveSwift::Product /* ReactiveSwift.framework */ = {isa = PBXFileReference; path = ReactiveSwift.framework; sourceTree = BUILT_PRODUCTS_DIR; };
		Result::Result::Product /* Result.framework */ = {isa = PBXFileReference; path = Result.framework; sourceTree = BUILT_PRODUCTS_DIR; };
		SwiftSVG::SwiftSVG::Product /* SwiftSVG.framework */ = {isa = PBXFileReference; path = SwiftSVG.framework; sourceTree = BUILT_PRODUCTS_DIR; };
/* End PBXFileReference section */

/* Begin PBXFrameworksBuildPhase section */
		OBJ_111 /* Frameworks */ = {
			isa = PBXFrameworksBuildPhase;
			files = (
			);
		};
		OBJ_124 /* Frameworks */ = {
			isa = PBXFrameworksBuildPhase;
			files = (
				OBJ_125 /* SwiftSVG.framework in Frameworks */,
				OBJ_126 /* BinUtils.framework in Frameworks */,
				OBJ_127 /* ReactiveSwift.framework in Frameworks */,
				OBJ_128 /* Result.framework in Frameworks */,
			);
		};
		OBJ_167 /* Frameworks */ = {
			isa = PBXFrameworksBuildPhase;
			files = (
				OBJ_168 /* Result.framework in Frameworks */,
			);
		};
		OBJ_182 /* Frameworks */ = {
			isa = PBXFrameworksBuildPhase;
			files = (
			);
		};
		OBJ_239 /* Frameworks */ = {
			isa = PBXFrameworksBuildPhase;
			files = (
			);
		};
/* End PBXFrameworksBuildPhase section */

/* Begin PBXGroup section */
		OBJ_10 /* Tests */ = {
			isa = PBXGroup;
			children = (
			);
			name = Tests;
			path = "";
			sourceTree = SOURCE_ROOT;
		};
		OBJ_11 /* Dependencies */ = {
			isa = PBXGroup;
			children = (
				OBJ_12 /* SwiftSVG 2.1.7 */,
				OBJ_68 /* BinUtils 0.1.0 */,
				OBJ_71 /* ReactiveSwift 3.1.0 */,
				OBJ_94 /* Result 3.2.4 */,
			);
			name = Dependencies;
			path = "";
			sourceTree = "<group>";
		};
		OBJ_12 /* SwiftSVG 2.1.7 */ = {
			isa = PBXGroup;
			children = (
				OBJ_13 /* Package.swift */,
				OBJ_14 /* CrossPlatform.swift */,
				OBJ_15 /* NSBezierPath+CrossPlatform.swift */,
				OBJ_16 /* SVG Extensions */,
				OBJ_23 /* SVG */,
			);
			name = "SwiftSVG 2.1.7";
			path = ".build/checkouts/SwiftSVG.git-8324872119709852198/Sources";
			sourceTree = SOURCE_ROOT;
		};
		OBJ_16 /* SVG Extensions */ = {
			isa = PBXGroup;
			children = (
				OBJ_17 /* CALayer+SVG.swift */,
				OBJ_18 /* CAShapeLayer+SVG.swift */,
				OBJ_19 /* SVGLayer.swift */,
				OBJ_20 /* SVGView.swift */,
				OBJ_21 /* UIBezierPath+SVG.swift */,
				OBJ_22 /* UIView+SVG.swift */,
			);
			name = "SVG Extensions";
			path = "SVG Extensions";
			sourceTree = "<group>";
		};
		OBJ_23 /* SVG */ = {
			isa = PBXGroup;
			children = (
				OBJ_24 /* Attributes */,
				OBJ_31 /* Cache */,
				OBJ_33 /* Elements */,
				OBJ_47 /* Helpers */,
				OBJ_60 /* Iterators */,
				OBJ_64 /* Parser */,
			);
			name = SVG;
			path = SVG;
			sourceTree = "<group>";
		};
		OBJ_24 /* Attributes */ = {
			isa = PBXGroup;
			children = (
				OBJ_25 /* DelaysApplyingAttributes.swift */,
				OBJ_26 /* Fillable.swift */,
				OBJ_27 /* Identifiable.swift */,
				OBJ_28 /* Strokable.swift */,
				OBJ_29 /* Stylable.swift */,
				OBJ_30 /* Transformable.swift */,
			);
			name = Attributes;
			path = Attributes;
			sourceTree = "<group>";
		};
		OBJ_31 /* Cache */ = {
			isa = PBXGroup;
			children = (
				OBJ_32 /* SVGCache.swift */,
			);
			name = Cache;
			path = Cache;
			sourceTree = "<group>";
		};
		OBJ_33 /* Elements */ = {
			isa = PBXGroup;
			children = (
				OBJ_34 /* ParsesAsynchronously.swift */,
				OBJ_35 /* SVGCircle.swift */,
				OBJ_36 /* SVGContainerElement.swift */,
				OBJ_37 /* SVGElement.swift */,
				OBJ_38 /* SVGEllipse.swift */,
				OBJ_39 /* SVGGroup.swift */,
				OBJ_40 /* SVGLine.swift */,
				OBJ_41 /* SVGPath.swift */,
				OBJ_42 /* SVGPolygon.swift */,
				OBJ_43 /* SVGPolyline.swift */,
				OBJ_44 /* SVGRectangle.swift */,
				OBJ_45 /* SVGRootElement.swift */,
				OBJ_46 /* SVGShapeElement.swift */,
			);
			name = Elements;
			path = Elements;
			sourceTree = "<group>";
		};
		OBJ_47 /* Helpers */ = {
			isa = PBXGroup;
			children = (
				OBJ_48 /* BinaryFloatingPoint+ParseLengthString.swift */,
				OBJ_49 /* CALayer+Sublayers.swift */,
				OBJ_50 /* Data+CacheKey.swift */,
				OBJ_51 /* Dictionary+Add.swift */,
				OBJ_52 /* DispatchQueue+Extensions.swift */,
				OBJ_53 /* FloatingPoint+DegreesRadians.swift */,
				OBJ_54 /* Scalar+FromByteArray.swift */,
				OBJ_55 /* Stack.swift */,
				OBJ_56 /* String+Subscript.swift */,
				OBJ_57 /* String+Trim.swift */,
				OBJ_58 /* UIColor+Extensions.swift */,
				OBJ_59 /* Unown.swift */,
			);
			name = Helpers;
			path = Helpers;
			sourceTree = "<group>";
		};
		OBJ_5 = {
			isa = PBXGroup;
			children = (
				OBJ_6 /* Package.swift */,
				OBJ_7 /* Sources */,
				OBJ_10 /* Tests */,
				OBJ_11 /* Dependencies */,
				OBJ_99 /* Products */,
			);
			path = "";
			sourceTree = "<group>";
		};
		OBJ_60 /* Iterators */ = {
			isa = PBXGroup;
			children = (
				OBJ_61 /* CoordinateLexer.swift */,
				OBJ_62 /* PathCommand.swift */,
				OBJ_63 /* PathDLexer.swift */,
			);
			name = Iterators;
			path = Iterators;
			sourceTree = "<group>";
		};
		OBJ_64 /* Parser */ = {
			isa = PBXGroup;
			children = (
				OBJ_65 /* NSXMLSVGParser.swift */,
				OBJ_66 /* SVGParser.swift */,
				OBJ_67 /* SVGParserSupportedElements.swift */,
			);
			name = Parser;
			path = Parser;
			sourceTree = "<group>";
		};
		OBJ_68 /* BinUtils 0.1.0 */ = {
			isa = PBXGroup;
			children = (
				OBJ_69 /* Package.swift */,
				OBJ_70 /* BinUtils.swift */,
			);
			name = "BinUtils 0.1.0";
			path = ".build/checkouts/BinUtils.git-8418688057728546342/Sources";
			sourceTree = SOURCE_ROOT;
		};
		OBJ_7 /* Sources */ = {
			isa = PBXGroup;
			children = (
				OBJ_8 /* Dependencies */,
			);
			name = Sources;
			path = "";
			sourceTree = SOURCE_ROOT;
		};
		OBJ_71 /* ReactiveSwift 3.1.0 */ = {
			isa = PBXGroup;
			children = (
				OBJ_72 /* Package.swift */,
				OBJ_73 /* Action.swift */,
				OBJ_74 /* Atomic.swift */,
				OBJ_75 /* Bag.swift */,
				OBJ_76 /* Deprecations+Removals.swift */,
				OBJ_77 /* Disposable.swift */,
				OBJ_78 /* Event.swift */,
				OBJ_79 /* EventLogger.swift */,
				OBJ_80 /* Flatten.swift */,
				OBJ_81 /* FoundationExtensions.swift */,
				OBJ_82 /* Lifetime.swift */,
				OBJ_83 /* Observer.swift */,
				OBJ_84 /* Optional.swift */,
				OBJ_85 /* Property.swift */,
				OBJ_86 /* Reactive.swift */,
				OBJ_87 /* ResultExtensions.swift */,
				OBJ_88 /* Scheduler.swift */,
				OBJ_89 /* Signal.swift */,
				OBJ_90 /* SignalProducer.swift */,
				OBJ_91 /* UnidirectionalBinding.swift */,
				OBJ_92 /* UninhabitedTypeGuards.swift */,
				OBJ_93 /* ValidatingProperty.swift */,
			);
			name = "ReactiveSwift 3.1.0";
			path = ".build/checkouts/ReactiveSwift.git-1920651162790292424/Sources";
			sourceTree = SOURCE_ROOT;
		};
		OBJ_8 /* Dependencies */ = {
			isa = PBXGroup;
			children = (
				OBJ_9 /* Dependencies.swift */,
			);
			name = Dependencies;
			path = "";
			sourceTree = SOURCE_ROOT;
		};
		OBJ_94 /* Result 3.2.4 */ = {
			isa = PBXGroup;
			children = (
				OBJ_95 /* Result */,
				OBJ_98 /* Package.swift */,
			);
			name = "Result 3.2.4";
			path = "";
			sourceTree = SOURCE_ROOT;
		};
		OBJ_95 /* Result */ = {
			isa = PBXGroup;
			children = (
				OBJ_96 /* Result.swift */,
				OBJ_97 /* ResultProtocol.swift */,
			);
			name = Result;
			path = ".build/checkouts/Result.git-3571792516012775304/Result";
			sourceTree = SOURCE_ROOT;
		};
		OBJ_99 /* Products */ = {
			isa = PBXGroup;
			children = (
				BinUtils::BinUtils::Product /* BinUtils.framework */,
				Result::Result::Product /* Result.framework */,
				SwiftSVG::SwiftSVG::Product /* SwiftSVG.framework */,
				Dependencies::Dependencies::Product /* Dependencies.framework */,
				ReactiveSwift::ReactiveSwift::Product /* ReactiveSwift.framework */,
			);
			name = Products;
			path = "";
			sourceTree = BUILT_PRODUCTS_DIR;
		};
/* End PBXGroup section */

/* Begin PBXNativeTarget section */
		BinUtils::BinUtils /* BinUtils */ = {
			isa = PBXNativeTarget;
			buildConfigurationList = OBJ_106 /* Build configuration list for PBXNativeTarget "BinUtils" */;
			buildPhases = (
				OBJ_109 /* Sources */,
				OBJ_111 /* Frameworks */,
			);
			buildRules = (
			);
			dependencies = (
			);
			name = BinUtils;
			productName = BinUtils;
			productReference = BinUtils::BinUtils::Product /* BinUtils.framework */;
			productType = "com.apple.product-type.framework";
		};
		BinUtils::SwiftPMPackageDescription /* BinUtilsPackageDescription */ = {
			isa = PBXNativeTarget;
			buildConfigurationList = OBJ_113 /* Build configuration list for PBXNativeTarget "BinUtilsPackageDescription" */;
			buildPhases = (
				OBJ_116 /* Sources */,
			);
			buildRules = (
			);
			dependencies = (
			);
			name = BinUtilsPackageDescription;
			productName = BinUtilsPackageDescription;
			productType = "com.apple.product-type.framework";
		};
		Dependencies::Dependencies /* Dependencies */ = {
			isa = PBXNativeTarget;
			buildConfigurationList = OBJ_119 /* Build configuration list for PBXNativeTarget "Dependencies" */;
			buildPhases = (
				OBJ_122 /* Sources */,
				OBJ_124 /* Frameworks */,
			);
			buildRules = (
			);
			dependencies = (
				OBJ_129 /* PBXTargetDependency */,
				OBJ_131 /* PBXTargetDependency */,
				OBJ_132 /* PBXTargetDependency */,
				OBJ_134 /* PBXTargetDependency */,
			);
			name = Dependencies;
			productName = Dependencies;
			productReference = Dependencies::Dependencies::Product /* Dependencies.framework */;
			productType = "com.apple.product-type.framework";
		};
		Dependencies::SwiftPMPackageDescription /* DependenciesPackageDescription */ = {
			isa = PBXNativeTarget;
			buildConfigurationList = OBJ_137 /* Build configuration list for PBXNativeTarget "DependenciesPackageDescription" */;
			buildPhases = (
				OBJ_140 /* Sources */,
			);
			buildRules = (
			);
			dependencies = (
			);
			name = DependenciesPackageDescription;
			productName = DependenciesPackageDescription;
			productType = "com.apple.product-type.framework";
		};
		ReactiveSwift::ReactiveSwift /* ReactiveSwift */ = {
			isa = PBXNativeTarget;
			buildConfigurationList = OBJ_142 /* Build configuration list for PBXNativeTarget "ReactiveSwift" */;
			buildPhases = (
				OBJ_145 /* Sources */,
				OBJ_167 /* Frameworks */,
			);
			buildRules = (
			);
			dependencies = (
				OBJ_169 /* PBXTargetDependency */,
			);
			name = ReactiveSwift;
			productName = ReactiveSwift;
			productReference = ReactiveSwift::ReactiveSwift::Product /* ReactiveSwift.framework */;
			productType = "com.apple.product-type.framework";
		};
		ReactiveSwift::SwiftPMPackageDescription /* ReactiveSwiftPackageDescription */ = {
			isa = PBXNativeTarget;
			buildConfigurationList = OBJ_171 /* Build configuration list for PBXNativeTarget "ReactiveSwiftPackageDescription" */;
			buildPhases = (
				OBJ_174 /* Sources */,
			);
			buildRules = (
			);
			dependencies = (
			);
			name = ReactiveSwiftPackageDescription;
			productName = ReactiveSwiftPackageDescription;
			productType = "com.apple.product-type.framework";
		};
		Result::Result /* Result */ = {
			isa = PBXNativeTarget;
			buildConfigurationList = OBJ_176 /* Build configuration list for PBXNativeTarget "Result" */;
			buildPhases = (
				OBJ_179 /* Sources */,
				OBJ_182 /* Frameworks */,
			);
			buildRules = (
			);
			dependencies = (
			);
			name = Result;
			productName = Result;
			productReference = Result::Result::Product /* Result.framework */;
			productType = "com.apple.product-type.framework";
		};
		Result::SwiftPMPackageDescription /* ResultPackageDescription */ = {
			isa = PBXNativeTarget;
			buildConfigurationList = OBJ_184 /* Build configuration list for PBXNativeTarget "ResultPackageDescription" */;
			buildPhases = (
				OBJ_187 /* Sources */,
			);
			buildRules = (
			);
			dependencies = (
			);
			name = ResultPackageDescription;
			productName = ResultPackageDescription;
			productType = "com.apple.product-type.framework";
		};
		SwiftSVG::SwiftPMPackageDescription /* SwiftSVGPackageDescription */ = {
			isa = PBXNativeTarget;
			buildConfigurationList = OBJ_241 /* Build configuration list for PBXNativeTarget "SwiftSVGPackageDescription" */;
			buildPhases = (
				OBJ_244 /* Sources */,
			);
			buildRules = (
			);
			dependencies = (
			);
			name = SwiftSVGPackageDescription;
			productName = SwiftSVGPackageDescription;
			productType = "com.apple.product-type.framework";
		};
		SwiftSVG::SwiftSVG /* SwiftSVG */ = {
			isa = PBXNativeTarget;
			buildConfigurationList = OBJ_189 /* Build configuration list for PBXNativeTarget "SwiftSVG" */;
			buildPhases = (
				OBJ_192 /* Sources */,
				OBJ_239 /* Frameworks */,
			);
			buildRules = (
			);
			dependencies = (
			);
			name = SwiftSVG;
			productName = SwiftSVG;
			productReference = SwiftSVG::SwiftSVG::Product /* SwiftSVG.framework */;
			productType = "com.apple.product-type.framework";
		};
/* End PBXNativeTarget section */

/* Begin PBXProject section */
		OBJ_1 /* Project object */ = {
			isa = PBXProject;
			attributes = {
				LastUpgradeCheck = 9999;
			};
			buildConfigurationList = OBJ_2 /* Build configuration list for PBXProject "Dependencies" */;
			compatibilityVersion = "Xcode 3.2";
			developmentRegion = English;
			hasScannedForEncodings = 0;
			knownRegions = (
				en,
			);
			mainGroup = OBJ_5;
			productRefGroup = OBJ_99 /* Products */;
			projectDirPath = .;
			targets = (
				BinUtils::BinUtils /* BinUtils */,
				BinUtils::SwiftPMPackageDescription /* BinUtilsPackageDescription */,
				Dependencies::Dependencies /* Dependencies */,
				Dependencies::SwiftPMPackageDescription /* DependenciesPackageDescription */,
				ReactiveSwift::ReactiveSwift /* ReactiveSwift */,
				ReactiveSwift::SwiftPMPackageDescription /* ReactiveSwiftPackageDescription */,
				Result::Result /* Result */,
				Result::SwiftPMPackageDescription /* ResultPackageDescription */,
				SwiftSVG::SwiftSVG /* SwiftSVG */,
				SwiftSVG::SwiftPMPackageDescription /* SwiftSVGPackageDescription */,
			);
		};
/* End PBXProject section */

/* Begin PBXSourcesBuildPhase section */
		OBJ_109 /* Sources */ = {
			isa = PBXSourcesBuildPhase;
			files = (
				OBJ_110 /* BinUtils.swift in Sources */,
			);
		};
		OBJ_116 /* Sources */ = {
			isa = PBXSourcesBuildPhase;
			files = (
				OBJ_117 /* Package.swift in Sources */,
			);
		};
		OBJ_122 /* Sources */ = {
			isa = PBXSourcesBuildPhase;
			files = (
				OBJ_123 /* Dependencies.swift in Sources */,
			);
		};
		OBJ_140 /* Sources */ = {
			isa = PBXSourcesBuildPhase;
			files = (
				OBJ_141 /* Package.swift in Sources */,
			);
		};
		OBJ_145 /* Sources */ = {
			isa = PBXSourcesBuildPhase;
			files = (
				OBJ_146 /* Action.swift in Sources */,
				OBJ_147 /* Atomic.swift in Sources */,
				OBJ_148 /* Bag.swift in Sources */,
				OBJ_149 /* Deprecations+Removals.swift in Sources */,
				OBJ_150 /* Disposable.swift in Sources */,
				OBJ_151 /* Event.swift in Sources */,
				OBJ_152 /* EventLogger.swift in Sources */,
				OBJ_153 /* Flatten.swift in Sources */,
				OBJ_154 /* FoundationExtensions.swift in Sources */,
				OBJ_155 /* Lifetime.swift in Sources */,
				OBJ_156 /* Observer.swift in Sources */,
				OBJ_157 /* Optional.swift in Sources */,
				OBJ_158 /* Property.swift in Sources */,
				OBJ_159 /* Reactive.swift in Sources */,
				OBJ_160 /* ResultExtensions.swift in Sources */,
				OBJ_161 /* Scheduler.swift in Sources */,
				OBJ_162 /* Signal.swift in Sources */,
				OBJ_163 /* SignalProducer.swift in Sources */,
				OBJ_164 /* UnidirectionalBinding.swift in Sources */,
				OBJ_165 /* UninhabitedTypeGuards.swift in Sources */,
				OBJ_166 /* ValidatingProperty.swift in Sources */,
			);
		};
		OBJ_174 /* Sources */ = {
			isa = PBXSourcesBuildPhase;
			files = (
				OBJ_175 /* Package.swift in Sources */,
			);
		};
		OBJ_179 /* Sources */ = {
			isa = PBXSourcesBuildPhase;
			files = (
				OBJ_180 /* Result.swift in Sources */,
				OBJ_181 /* ResultProtocol.swift in Sources */,
			);
		};
		OBJ_187 /* Sources */ = {
			isa = PBXSourcesBuildPhase;
			files = (
				OBJ_188 /* Package.swift in Sources */,
			);
		};
		OBJ_192 /* Sources */ = {
			isa = PBXSourcesBuildPhase;
			files = (
				OBJ_193 /* CrossPlatform.swift in Sources */,
				OBJ_194 /* NSBezierPath+CrossPlatform.swift in Sources */,
				OBJ_195 /* CALayer+SVG.swift in Sources */,
				OBJ_196 /* CAShapeLayer+SVG.swift in Sources */,
				OBJ_197 /* SVGLayer.swift in Sources */,
				OBJ_198 /* SVGView.swift in Sources */,
				OBJ_199 /* UIBezierPath+SVG.swift in Sources */,
				OBJ_200 /* UIView+SVG.swift in Sources */,
				OBJ_201 /* DelaysApplyingAttributes.swift in Sources */,
				OBJ_202 /* Fillable.swift in Sources */,
				OBJ_203 /* Identifiable.swift in Sources */,
				OBJ_204 /* Strokable.swift in Sources */,
				OBJ_205 /* Stylable.swift in Sources */,
				OBJ_206 /* Transformable.swift in Sources */,
				OBJ_207 /* SVGCache.swift in Sources */,
				OBJ_208 /* ParsesAsynchronously.swift in Sources */,
				OBJ_209 /* SVGCircle.swift in Sources */,
				OBJ_210 /* SVGContainerElement.swift in Sources */,
				OBJ_211 /* SVGElement.swift in Sources */,
				OBJ_212 /* SVGEllipse.swift in Sources */,
				OBJ_213 /* SVGGroup.swift in Sources */,
				OBJ_214 /* SVGLine.swift in Sources */,
				OBJ_215 /* SVGPath.swift in Sources */,
				OBJ_216 /* SVGPolygon.swift in Sources */,
				OBJ_217 /* SVGPolyline.swift in Sources */,
				OBJ_218 /* SVGRectangle.swift in Sources */,
				OBJ_219 /* SVGRootElement.swift in Sources */,
				OBJ_220 /* SVGShapeElement.swift in Sources */,
				OBJ_221 /* BinaryFloatingPoint+ParseLengthString.swift in Sources */,
				OBJ_222 /* CALayer+Sublayers.swift in Sources */,
				OBJ_223 /* Data+CacheKey.swift in Sources */,
				OBJ_224 /* Dictionary+Add.swift in Sources */,
				OBJ_225 /* DispatchQueue+Extensions.swift in Sources */,
				OBJ_226 /* FloatingPoint+DegreesRadians.swift in Sources */,
				OBJ_227 /* Scalar+FromByteArray.swift in Sources */,
				OBJ_228 /* Stack.swift in Sources */,
				OBJ_229 /* String+Subscript.swift in Sources */,
				OBJ_230 /* String+Trim.swift in Sources */,
				OBJ_231 /* UIColor+Extensions.swift in Sources */,
				OBJ_232 /* Unown.swift in Sources */,
				OBJ_233 /* CoordinateLexer.swift in Sources */,
				OBJ_234 /* PathCommand.swift in Sources */,
				OBJ_235 /* PathDLexer.swift in Sources */,
				OBJ_236 /* NSXMLSVGParser.swift in Sources */,
				OBJ_237 /* SVGParser.swift in Sources */,
				OBJ_238 /* SVGParserSupportedElements.swift in Sources */,
			);
		};
		OBJ_244 /* Sources */ = {
			isa = PBXSourcesBuildPhase;
			files = (
				OBJ_245 /* Package.swift in Sources */,
			);
		};
/* End PBXSourcesBuildPhase section */

/* Begin PBXTargetDependency section */
		OBJ_129 /* PBXTargetDependency */ = {
			isa = PBXTargetDependency;
			target = SwiftSVG::SwiftSVG /* SwiftSVG */;
		};
		OBJ_131 /* PBXTargetDependency */ = {
			isa = PBXTargetDependency;
			target = BinUtils::BinUtils /* BinUtils */;
		};
		OBJ_132 /* PBXTargetDependency */ = {
			isa = PBXTargetDependency;
			target = ReactiveSwift::ReactiveSwift /* ReactiveSwift */;
		};
		OBJ_134 /* PBXTargetDependency */ = {
			isa = PBXTargetDependency;
			target = Result::Result /* Result */;
		};
		OBJ_169 /* PBXTargetDependency */ = {
			isa = PBXTargetDependency;
			target = Result::Result /* Result */;
		};
/* End PBXTargetDependency section */

/* Begin XCBuildConfiguration section */
		OBJ_107 /* Debug */ = {
			isa = XCBuildConfiguration;
			buildSettings = {
				DEFINES_MODULE = YES;
				ENABLE_TESTABILITY = YES;
				FRAMEWORK_SEARCH_PATHS = (
					"$(inherited)",
					"$(PLATFORM_DIR)/Developer/Library/Frameworks",
				);
				HEADER_SEARCH_PATHS = "$(inherited)";
				INFOPLIST_FILE = Dependencies.xcodeproj/BinUtils_Info.plist;
				LD_RUNPATH_SEARCH_PATHS = "$(inherited) $(TOOLCHAIN_DIR)/usr/lib/swift/macosx";
				OTHER_CFLAGS = "$(inherited)";
				OTHER_LDFLAGS = "$(inherited)";
				OTHER_SWIFT_FLAGS = "$(inherited)";
				PRODUCT_BUNDLE_IDENTIFIER = BinUtils;
				PRODUCT_MODULE_NAME = "$(TARGET_NAME:c99extidentifier)";
				PRODUCT_NAME = "$(TARGET_NAME:c99extidentifier)";
				SKIP_INSTALL = YES;
				SWIFT_ACTIVE_COMPILATION_CONDITIONS = "$(inherited)";
				SWIFT_VERSION = 3.0;
				TARGET_NAME = BinUtils;
			};
			name = Debug;
		};
		OBJ_108 /* Release */ = {
			isa = XCBuildConfiguration;
			buildSettings = {
				DEFINES_MODULE = YES;
				ENABLE_TESTABILITY = YES;
				FRAMEWORK_SEARCH_PATHS = (
					"$(inherited)",
					"$(PLATFORM_DIR)/Developer/Library/Frameworks",
				);
				HEADER_SEARCH_PATHS = "$(inherited)";
				INFOPLIST_FILE = Dependencies.xcodeproj/BinUtils_Info.plist;
				LD_RUNPATH_SEARCH_PATHS = "$(inherited) $(TOOLCHAIN_DIR)/usr/lib/swift/macosx";
				OTHER_CFLAGS = "$(inherited)";
				OTHER_LDFLAGS = "$(inherited)";
				OTHER_SWIFT_FLAGS = "$(inherited)";
				PRODUCT_BUNDLE_IDENTIFIER = BinUtils;
				PRODUCT_MODULE_NAME = "$(TARGET_NAME:c99extidentifier)";
				PRODUCT_NAME = "$(TARGET_NAME:c99extidentifier)";
				SKIP_INSTALL = YES;
				SWIFT_ACTIVE_COMPILATION_CONDITIONS = "$(inherited)";
				SWIFT_VERSION = 3.0;
				TARGET_NAME = BinUtils;
			};
			name = Release;
		};
		OBJ_114 /* Debug */ = {
			isa = XCBuildConfiguration;
			buildSettings = {
				DEFINES_MODULE = YES;
				LD = /usr/bin/true;
				OTHER_SWIFT_FLAGS = "-swift-version 3 -I $(TOOLCHAIN_DIR)/usr/lib/swift/pm/3 -target x86_64-apple-macosx10.10 -sdk /Applications/Xcode.app/Contents/Developer/Platforms/MacOSX.platform/Developer/SDKs/MacOSX10.14.sdk";
				SWIFT_VERSION = 3.0;
			};
			name = Debug;
		};
		OBJ_115 /* Release */ = {
			isa = XCBuildConfiguration;
			buildSettings = {
				DEFINES_MODULE = YES;
				LD = /usr/bin/true;
				OTHER_SWIFT_FLAGS = "-swift-version 3 -I $(TOOLCHAIN_DIR)/usr/lib/swift/pm/3 -target x86_64-apple-macosx10.10 -sdk /Applications/Xcode.app/Contents/Developer/Platforms/MacOSX.platform/Developer/SDKs/MacOSX10.14.sdk";
				SWIFT_VERSION = 3.0;
			};
			name = Release;
		};
		OBJ_120 /* Debug */ = {
			isa = XCBuildConfiguration;
			buildSettings = {
				DEFINES_MODULE = YES;
				ENABLE_TESTABILITY = YES;
				FRAMEWORK_SEARCH_PATHS = (
					"$(inherited)",
					"$(PLATFORM_DIR)/Developer/Library/Frameworks",
				);
				HEADER_SEARCH_PATHS = "$(inherited)";
				INFOPLIST_FILE = Dependencies.xcodeproj/Dependencies_Info.plist;
				LD_RUNPATH_SEARCH_PATHS = "$(inherited) $(TOOLCHAIN_DIR)/usr/lib/swift/macosx";
				OTHER_CFLAGS = "$(inherited)";
				OTHER_LDFLAGS = "$(inherited)";
				OTHER_SWIFT_FLAGS = "$(inherited)";
				PRODUCT_BUNDLE_IDENTIFIER = Dependencies;
				PRODUCT_MODULE_NAME = "$(TARGET_NAME:c99extidentifier)";
				PRODUCT_NAME = "$(TARGET_NAME:c99extidentifier)";
				SKIP_INSTALL = YES;
				SWIFT_ACTIVE_COMPILATION_CONDITIONS = "$(inherited)";
				SWIFT_VERSION = 4.0;
				TARGET_NAME = Dependencies;
			};
			name = Debug;
		};
		OBJ_121 /* Release */ = {
			isa = XCBuildConfiguration;
			buildSettings = {
				DEFINES_MODULE = YES;
				ENABLE_TESTABILITY = YES;
				FRAMEWORK_SEARCH_PATHS = (
					"$(inherited)",
					"$(PLATFORM_DIR)/Developer/Library/Frameworks",
				);
				HEADER_SEARCH_PATHS = "$(inherited)";
				INFOPLIST_FILE = Dependencies.xcodeproj/Dependencies_Info.plist;
				LD_RUNPATH_SEARCH_PATHS = "$(inherited) $(TOOLCHAIN_DIR)/usr/lib/swift/macosx";
				OTHER_CFLAGS = "$(inherited)";
				OTHER_LDFLAGS = "$(inherited)";
				OTHER_SWIFT_FLAGS = "$(inherited)";
				PRODUCT_BUNDLE_IDENTIFIER = Dependencies;
				PRODUCT_MODULE_NAME = "$(TARGET_NAME:c99extidentifier)";
				PRODUCT_NAME = "$(TARGET_NAME:c99extidentifier)";
				SKIP_INSTALL = YES;
				SWIFT_ACTIVE_COMPILATION_CONDITIONS = "$(inherited)";
				SWIFT_VERSION = 4.0;
				TARGET_NAME = Dependencies;
			};
			name = Release;
		};
		OBJ_138 /* Debug */ = {
			isa = XCBuildConfiguration;
			buildSettings = {
				DEFINES_MODULE = YES;
				LD = /usr/bin/true;
				OTHER_SWIFT_FLAGS = "-swift-version 4 -I $(TOOLCHAIN_DIR)/usr/lib/swift/pm/4 -target x86_64-apple-macosx10.10 -sdk /Applications/Xcode.app/Contents/Developer/Platforms/MacOSX.platform/Developer/SDKs/MacOSX10.14.sdk";
				SWIFT_VERSION = 4.0;
			};
			name = Debug;
		};
		OBJ_139 /* Release */ = {
			isa = XCBuildConfiguration;
			buildSettings = {
				DEFINES_MODULE = YES;
				LD = /usr/bin/true;
				OTHER_SWIFT_FLAGS = "-swift-version 4 -I $(TOOLCHAIN_DIR)/usr/lib/swift/pm/4 -target x86_64-apple-macosx10.10 -sdk /Applications/Xcode.app/Contents/Developer/Platforms/MacOSX.platform/Developer/SDKs/MacOSX10.14.sdk";
				SWIFT_VERSION = 4.0;
			};
			name = Release;
		};
		OBJ_143 /* Debug */ = {
			isa = XCBuildConfiguration;
			buildSettings = {
				DEFINES_MODULE = YES;
				ENABLE_TESTABILITY = YES;
				FRAMEWORK_SEARCH_PATHS = (
					"$(inherited)",
					"$(PLATFORM_DIR)/Developer/Library/Frameworks",
				);
				HEADER_SEARCH_PATHS = "$(inherited)";
				INFOPLIST_FILE = Dependencies.xcodeproj/ReactiveSwift_Info.plist;
				LD_RUNPATH_SEARCH_PATHS = "$(inherited) $(TOOLCHAIN_DIR)/usr/lib/swift/macosx";
				OTHER_CFLAGS = "$(inherited)";
				OTHER_LDFLAGS = "$(inherited)";
				OTHER_SWIFT_FLAGS = "$(inherited)";
				PRODUCT_BUNDLE_IDENTIFIER = ReactiveSwift;
				PRODUCT_MODULE_NAME = "$(TARGET_NAME:c99extidentifier)";
				PRODUCT_NAME = "$(TARGET_NAME:c99extidentifier)";
				SKIP_INSTALL = YES;
				SWIFT_ACTIVE_COMPILATION_CONDITIONS = "$(inherited)";
				SWIFT_VERSION = 4.0;
				TARGET_NAME = ReactiveSwift;
			};
			name = Debug;
		};
		OBJ_144 /* Release */ = {
			isa = XCBuildConfiguration;
			buildSettings = {
				DEFINES_MODULE = YES;
				ENABLE_TESTABILITY = YES;
				FRAMEWORK_SEARCH_PATHS = (
					"$(inherited)",
					"$(PLATFORM_DIR)/Developer/Library/Frameworks",
				);
				HEADER_SEARCH_PATHS = "$(inherited)";
				INFOPLIST_FILE = Dependencies.xcodeproj/ReactiveSwift_Info.plist;
				LD_RUNPATH_SEARCH_PATHS = "$(inherited) $(TOOLCHAIN_DIR)/usr/lib/swift/macosx";
				OTHER_CFLAGS = "$(inherited)";
				OTHER_LDFLAGS = "$(inherited)";
				OTHER_SWIFT_FLAGS = "$(inherited)";
				PRODUCT_BUNDLE_IDENTIFIER = ReactiveSwift;
				PRODUCT_MODULE_NAME = "$(TARGET_NAME:c99extidentifier)";
				PRODUCT_NAME = "$(TARGET_NAME:c99extidentifier)";
				SKIP_INSTALL = YES;
				SWIFT_ACTIVE_COMPILATION_CONDITIONS = "$(inherited)";
				SWIFT_VERSION = 4.0;
				TARGET_NAME = ReactiveSwift;
			};
			name = Release;
		};
		OBJ_172 /* Debug */ = {
			isa = XCBuildConfiguration;
			buildSettings = {
				DEFINES_MODULE = YES;
				LD = /usr/bin/true;
				OTHER_SWIFT_FLAGS = "-swift-version 4 -I $(TOOLCHAIN_DIR)/usr/lib/swift/pm/4 -target x86_64-apple-macosx10.10 -sdk /Applications/Xcode.app/Contents/Developer/Platforms/MacOSX.platform/Developer/SDKs/MacOSX10.14.sdk";
				SWIFT_VERSION = 4.0;
			};
			name = Debug;
		};
		OBJ_173 /* Release */ = {
			isa = XCBuildConfiguration;
			buildSettings = {
				DEFINES_MODULE = YES;
				LD = /usr/bin/true;
				OTHER_SWIFT_FLAGS = "-swift-version 4 -I $(TOOLCHAIN_DIR)/usr/lib/swift/pm/4 -target x86_64-apple-macosx10.10 -sdk /Applications/Xcode.app/Contents/Developer/Platforms/MacOSX.platform/Developer/SDKs/MacOSX10.14.sdk";
				SWIFT_VERSION = 4.0;
			};
			name = Release;
		};
		OBJ_177 /* Debug */ = {
			isa = XCBuildConfiguration;
			buildSettings = {
				DEFINES_MODULE = YES;
				ENABLE_TESTABILITY = YES;
				FRAMEWORK_SEARCH_PATHS = (
					"$(inherited)",
					"$(PLATFORM_DIR)/Developer/Library/Frameworks",
				);
				HEADER_SEARCH_PATHS = "$(inherited)";
				INFOPLIST_FILE = Dependencies.xcodeproj/Result_Info.plist;
				LD_RUNPATH_SEARCH_PATHS = "$(inherited) $(TOOLCHAIN_DIR)/usr/lib/swift/macosx";
				OTHER_CFLAGS = "$(inherited)";
				OTHER_LDFLAGS = "$(inherited)";
				OTHER_SWIFT_FLAGS = "$(inherited)";
				PRODUCT_BUNDLE_IDENTIFIER = Result;
				PRODUCT_MODULE_NAME = "$(TARGET_NAME:c99extidentifier)";
				PRODUCT_NAME = "$(TARGET_NAME:c99extidentifier)";
				SKIP_INSTALL = YES;
				SWIFT_ACTIVE_COMPILATION_CONDITIONS = "$(inherited)";
				SWIFT_VERSION = 3.0;
				TARGET_NAME = Result;
			};
			name = Debug;
		};
		OBJ_178 /* Release */ = {
			isa = XCBuildConfiguration;
			buildSettings = {
				DEFINES_MODULE = YES;
				ENABLE_TESTABILITY = YES;
				FRAMEWORK_SEARCH_PATHS = (
					"$(inherited)",
					"$(PLATFORM_DIR)/Developer/Library/Frameworks",
				);
				HEADER_SEARCH_PATHS = "$(inherited)";
				INFOPLIST_FILE = Dependencies.xcodeproj/Result_Info.plist;
				LD_RUNPATH_SEARCH_PATHS = "$(inherited) $(TOOLCHAIN_DIR)/usr/lib/swift/macosx";
				OTHER_CFLAGS = "$(inherited)";
				OTHER_LDFLAGS = "$(inherited)";
				OTHER_SWIFT_FLAGS = "$(inherited)";
				PRODUCT_BUNDLE_IDENTIFIER = Result;
				PRODUCT_MODULE_NAME = "$(TARGET_NAME:c99extidentifier)";
				PRODUCT_NAME = "$(TARGET_NAME:c99extidentifier)";
				SKIP_INSTALL = YES;
				SWIFT_ACTIVE_COMPILATION_CONDITIONS = "$(inherited)";
				SWIFT_VERSION = 3.0;
				TARGET_NAME = Result;
			};
			name = Release;
		};
		OBJ_185 /* Debug */ = {
			isa = XCBuildConfiguration;
			buildSettings = {
				DEFINES_MODULE = YES;
				LD = /usr/bin/true;
				OTHER_SWIFT_FLAGS = "-swift-version 3 -I $(TOOLCHAIN_DIR)/usr/lib/swift/pm/3 -target x86_64-apple-macosx10.10 -sdk /Applications/Xcode.app/Contents/Developer/Platforms/MacOSX.platform/Developer/SDKs/MacOSX10.14.sdk";
				SWIFT_VERSION = 3.0;
			};
			name = Debug;
		};
		OBJ_186 /* Release */ = {
			isa = XCBuildConfiguration;
			buildSettings = {
				DEFINES_MODULE = YES;
				LD = /usr/bin/true;
				OTHER_SWIFT_FLAGS = "-swift-version 3 -I $(TOOLCHAIN_DIR)/usr/lib/swift/pm/3 -target x86_64-apple-macosx10.10 -sdk /Applications/Xcode.app/Contents/Developer/Platforms/MacOSX.platform/Developer/SDKs/MacOSX10.14.sdk";
				SWIFT_VERSION = 3.0;
			};
			name = Release;
		};
		OBJ_190 /* Debug */ = {
			isa = XCBuildConfiguration;
			buildSettings = {
				DEFINES_MODULE = YES;
				ENABLE_TESTABILITY = YES;
				FRAMEWORK_SEARCH_PATHS = (
					"$(inherited)",
					"$(PLATFORM_DIR)/Developer/Library/Frameworks",
				);
				HEADER_SEARCH_PATHS = "$(inherited)";
				INFOPLIST_FILE = Dependencies.xcodeproj/SwiftSVG_Info.plist;
				LD_RUNPATH_SEARCH_PATHS = "$(inherited) $(TOOLCHAIN_DIR)/usr/lib/swift/macosx";
				OTHER_CFLAGS = "$(inherited)";
				OTHER_LDFLAGS = "$(inherited)";
				OTHER_SWIFT_FLAGS = "$(inherited)";
				PRODUCT_BUNDLE_IDENTIFIER = SwiftSVG;
				PRODUCT_MODULE_NAME = "$(TARGET_NAME:c99extidentifier)";
				PRODUCT_NAME = "$(TARGET_NAME:c99extidentifier)";
				SKIP_INSTALL = YES;
				SWIFT_ACTIVE_COMPILATION_CONDITIONS = "$(inherited)";
				SWIFT_VERSION = 4.2;
				TARGET_NAME = SwiftSVG;
			};
			name = Debug;
		};
		OBJ_191 /* Release */ = {
			isa = XCBuildConfiguration;
			buildSettings = {
				DEFINES_MODULE = YES;
				ENABLE_TESTABILITY = YES;
				FRAMEWORK_SEARCH_PATHS = (
					"$(inherited)",
					"$(PLATFORM_DIR)/Developer/Library/Frameworks",
				);
				HEADER_SEARCH_PATHS = "$(inherited)";
				INFOPLIST_FILE = Dependencies.xcodeproj/SwiftSVG_Info.plist;
				LD_RUNPATH_SEARCH_PATHS = "$(inherited) $(TOOLCHAIN_DIR)/usr/lib/swift/macosx";
				OTHER_CFLAGS = "$(inherited)";
				OTHER_LDFLAGS = "$(inherited)";
				OTHER_SWIFT_FLAGS = "$(inherited)";
				PRODUCT_BUNDLE_IDENTIFIER = SwiftSVG;
				PRODUCT_MODULE_NAME = "$(TARGET_NAME:c99extidentifier)";
				PRODUCT_NAME = "$(TARGET_NAME:c99extidentifier)";
				SKIP_INSTALL = YES;
				SWIFT_ACTIVE_COMPILATION_CONDITIONS = "$(inherited)";
				SWIFT_VERSION = 4.2;
				TARGET_NAME = SwiftSVG;
			};
			name = Release;
		};
		OBJ_242 /* Debug */ = {
			isa = XCBuildConfiguration;
			buildSettings = {
				DEFINES_MODULE = YES;
				LD = /usr/bin/true;
				OTHER_SWIFT_FLAGS = "-swift-version 4.2 -I $(TOOLCHAIN_DIR)/usr/lib/swift/pm/4_2 -target x86_64-apple-macosx10.10 -sdk /Applications/Xcode.app/Contents/Developer/Platforms/MacOSX.platform/Developer/SDKs/MacOSX10.14.sdk";
				SWIFT_VERSION = 4.2;
			};
			name = Debug;
		};
		OBJ_243 /* Release */ = {
			isa = XCBuildConfiguration;
			buildSettings = {
				DEFINES_MODULE = YES;
				LD = /usr/bin/true;
				OTHER_SWIFT_FLAGS = "-swift-version 4.2 -I $(TOOLCHAIN_DIR)/usr/lib/swift/pm/4_2 -target x86_64-apple-macosx10.10 -sdk /Applications/Xcode.app/Contents/Developer/Platforms/MacOSX.platform/Developer/SDKs/MacOSX10.14.sdk";
				SWIFT_VERSION = 4.2;
			};
			name = Release;
		};
		OBJ_3 /* Debug */ = {
			isa = XCBuildConfiguration;
			buildSettings = {
				CLANG_ENABLE_OBJC_ARC = YES;
				COMBINE_HIDPI_IMAGES = YES;
				COPY_PHASE_STRIP = NO;
				DEBUG_INFORMATION_FORMAT = dwarf;
				DYLIB_INSTALL_NAME_BASE = "@rpath";
				ENABLE_NS_ASSERTIONS = YES;
				GCC_OPTIMIZATION_LEVEL = 0;
				GCC_PREPROCESSOR_DEFINITIONS = (
					"DEBUG=1",
					"$(inherited)",
				);
				MACOSX_DEPLOYMENT_TARGET = 10.10;
				ONLY_ACTIVE_ARCH = YES;
				OTHER_SWIFT_FLAGS = "-DXcode";
				PRODUCT_NAME = "$(TARGET_NAME)";
				SDKROOT = iphoneos;
				SWIFT_ACTIVE_COMPILATION_CONDITIONS = "SWIFT_PACKAGE DEBUG";
				SWIFT_OPTIMIZATION_LEVEL = "-Onone";
				USE_HEADERMAP = NO;
			};
			name = Debug;
		};
		OBJ_4 /* Release */ = {
			isa = XCBuildConfiguration;
			buildSettings = {
				CLANG_ENABLE_OBJC_ARC = YES;
				COMBINE_HIDPI_IMAGES = YES;
				COPY_PHASE_STRIP = YES;
				DEBUG_INFORMATION_FORMAT = "dwarf-with-dsym";
				DYLIB_INSTALL_NAME_BASE = "@rpath";
				GCC_OPTIMIZATION_LEVEL = s;
				MACOSX_DEPLOYMENT_TARGET = 10.10;
				OTHER_SWIFT_FLAGS = "-DXcode";
				PRODUCT_NAME = "$(TARGET_NAME)";
				SDKROOT = iphoneos;
				SWIFT_ACTIVE_COMPILATION_CONDITIONS = SWIFT_PACKAGE;
				SWIFT_OPTIMIZATION_LEVEL = "-Owholemodule";
				USE_HEADERMAP = NO;
			};
			name = Release;
		};
/* End XCBuildConfiguration section */

/* Begin XCConfigurationList section */
		OBJ_106 /* Build configuration list for PBXNativeTarget "BinUtils" */ = {
			isa = XCConfigurationList;
			buildConfigurations = (
				OBJ_107 /* Debug */,
				OBJ_108 /* Release */,
			);
			defaultConfigurationIsVisible = 0;
			defaultConfigurationName = Release;
		};
		OBJ_113 /* Build configuration list for PBXNativeTarget "BinUtilsPackageDescription" */ = {
			isa = XCConfigurationList;
			buildConfigurations = (
				OBJ_114 /* Debug */,
				OBJ_115 /* Release */,
			);
			defaultConfigurationIsVisible = 0;
			defaultConfigurationName = Release;
		};
		OBJ_119 /* Build configuration list for PBXNativeTarget "Dependencies" */ = {
			isa = XCConfigurationList;
			buildConfigurations = (
				OBJ_120 /* Debug */,
				OBJ_121 /* Release */,
			);
			defaultConfigurationIsVisible = 0;
			defaultConfigurationName = Release;
		};
		OBJ_137 /* Build configuration list for PBXNativeTarget "DependenciesPackageDescription" */ = {
			isa = XCConfigurationList;
			buildConfigurations = (
				OBJ_138 /* Debug */,
				OBJ_139 /* Release */,
			);
			defaultConfigurationIsVisible = 0;
			defaultConfigurationName = Release;
		};
		OBJ_142 /* Build configuration list for PBXNativeTarget "ReactiveSwift" */ = {
			isa = XCConfigurationList;
			buildConfigurations = (
				OBJ_143 /* Debug */,
				OBJ_144 /* Release */,
			);
			defaultConfigurationIsVisible = 0;
			defaultConfigurationName = Release;
		};
		OBJ_171 /* Build configuration list for PBXNativeTarget "ReactiveSwiftPackageDescription" */ = {
			isa = XCConfigurationList;
			buildConfigurations = (
				OBJ_172 /* Debug */,
				OBJ_173 /* Release */,
			);
			defaultConfigurationIsVisible = 0;
			defaultConfigurationName = Release;
		};
		OBJ_176 /* Build configuration list for PBXNativeTarget "Result" */ = {
			isa = XCConfigurationList;
			buildConfigurations = (
				OBJ_177 /* Debug */,
				OBJ_178 /* Release */,
			);
			defaultConfigurationIsVisible = 0;
			defaultConfigurationName = Release;
		};
		OBJ_184 /* Build configuration list for PBXNativeTarget "ResultPackageDescription" */ = {
			isa = XCConfigurationList;
			buildConfigurations = (
				OBJ_185 /* Debug */,
				OBJ_186 /* Release */,
			);
			defaultConfigurationIsVisible = 0;
			defaultConfigurationName = Release;
		};
		OBJ_189 /* Build configuration list for PBXNativeTarget "SwiftSVG" */ = {
			isa = XCConfigurationList;
			buildConfigurations = (
				OBJ_190 /* Debug */,
				OBJ_191 /* Release */,
			);
			defaultConfigurationIsVisible = 0;
			defaultConfigurationName = Release;
		};
		OBJ_2 /* Build configuration list for PBXProject "Dependencies" */ = {
			isa = XCConfigurationList;
			buildConfigurations = (
				OBJ_3 /* Debug */,
				OBJ_4 /* Release */,
			);
			defaultConfigurationIsVisible = 0;
			defaultConfigurationName = Release;
		};
		OBJ_241 /* Build configuration list for PBXNativeTarget "SwiftSVGPackageDescription" */ = {
			isa = XCConfigurationList;
			buildConfigurations = (
				OBJ_242 /* Debug */,
				OBJ_243 /* Release */,
			);
			defaultConfigurationIsVisible = 0;
			defaultConfigurationName = Release;
		};
/* End XCConfigurationList section */
	};
	rootObject = OBJ_1 /* Project object */;
}
